
Microsoft Visual Studio Solution File, Format Version 12.00
# Visual Studio Version 17
VisualStudioVersion = 17.7.34202.233
MinimumVisualStudioVersion = 10.0.40219.1
Project("{9A19103F-16F7-4668-BE54-9A1E7A4F7556}") = "LigaManagement.Models", "LigaManagement.Models\LigaManagement.Models.csproj", "{C5C4DBC6-A48E-49DC-9204-49605AC70910}"
EndProject
Project("{9A19103F-16F7-4668-BE54-9A1E7A4F7556}") = "LigaManagement.Web", "LigaManagement.Web\LigaManagement.Web.csproj", "{71A57320-B220-42CD-95F6-DC41E59FA545}"
EndProject
Project("{9A19103F-16F7-4668-BE54-9A1E7A4F7556}") = "LigaManagement.Api", "LigaManagement.Api\LigaManagement.Api.csproj", "{30EB4A0D-8262-4421-ABD8-252BD544D79F}"
EndProject
Project("{9A19103F-16F7-4668-BE54-9A1E7A4F7556}") = "Ligamanager.Components", "Ligamanager.Components\Ligamanager.Components.csproj", "{124728C8-8B31-4DA0-BBA9-7F6DC9B131A4}"
EndProject
Project("{FAE04EC0-301F-11D3-BF4B-00C04F79EFBC}") = "LigaManager.Tests", "LigaManager.Tests\LigaManager.Tests.csproj", "{B7C40398-283A-457B-89C4-4EECA1CA4691}"
EndProject
Global
	GlobalSection(SolutionConfigurationPlatforms) = preSolution
		Debug|Any CPU = Debug|Any CPU
		Release|Any CPU = Release|Any CPU
	EndGlobalSection
	GlobalSection(ProjectConfigurationPlatforms) = postSolution
		{C5C4DBC6-A48E-49DC-9204-49605AC70910}.Debug|Any CPU.ActiveCfg = Debug|Any CPU
		{C5C4DBC6-A48E-49DC-9204-49605AC70910}.Debug|Any CPU.Build.0 = Debug|Any CPU
		{C5C4DBC6-A48E-49DC-9204-49605AC70910}.Release|Any CPU.ActiveCfg = Release|Any CPU
		{C5C4DBC6-A48E-49DC-9204-49605AC70910}.Release|Any CPU.Build.0 = Release|Any CPU
		{71A57320-B220-42CD-95F6-DC41E59FA545}.Debug|Any CPU.ActiveCfg = Debug|Any CPU
		{71A57320-B220-42CD-95F6-DC41E59FA545}.Debug|Any CPU.Build.0 = Debug|Any CPU
		{71A57320-B220-42CD-95F6-DC41E59FA545}.Release|Any CPU.ActiveCfg = Release|Any CPU
		{71A57320-B220-42CD-95F6-DC41E59FA545}.Release|Any CPU.Build.0 = Release|Any CPU
		{30EB4A0D-8262-4421-ABD8-252BD544D79F}.Debug|Any CPU.ActiveCfg = Debug|Any CPU
		{30EB4A0D-8262-4421-ABD8-252BD544D79F}.Debug|Any CPU.Build.0 = Debug|Any CPU
		{30EB4A0D-8262-4421-ABD8-252BD544D79F}.Release|Any CPU.ActiveCfg = Release|Any CPU
		{30EB4A0D-8262-4421-ABD8-252BD544D79F}.Release|Any CPU.Build.0 = Release|Any CPU
		{124728C8-8B31-4DA0-BBA9-7F6DC9B131A4}.Debug|Any CPU.ActiveCfg = Debug|Any CPU
		{124728C8-8B31-4DA0-BBA9-7F6DC9B131A4}.Debug|Any CPU.Build.0 = Debug|Any CPU
		{124728C8-8B31-4DA0-BBA9-7F6DC9B131A4}.Release|Any CPU.ActiveCfg = Release|Any CPU
		{124728C8-8B31-4DA0-BBA9-7F6DC9B131A4}.Release|Any CPU.Build.0 = Release|Any CPU
		{B7C40398-283A-457B-89C4-4EECA1CA4691}.Debug|Any CPU.ActiveCfg = Debug|Any CPU
		{B7C40398-283A-457B-89C4-4EECA1CA4691}.Debug|Any CPU.Build.0 = Debug|Any CPU
		{B7C40398-283A-457B-89C4-4EECA1CA4691}.Release|Any CPU.ActiveCfg = Release|Any CPU
		{B7C40398-283A-457B-89C4-4EECA1CA4691}.Release|Any CPU.Build.0 = Release|Any CPU
	EndGlobalSection
	GlobalSection(SolutionProperties) = preSolution
		HideSolutionNode = FALSE
	EndGlobalSection
	GlobalSection(ExtensibilityGlobals) = postSolution
		SolutionGuid = {8C2F7157-3365-4C89-B3FF-5E39DAEF1661}
	EndGlobalSection
EndGlobal
