{
  "name": "Ligamanager",
  "lockfileVersion": 3,
  "requires": true,
  "packages": {
    "": {
      "dependencies": {
        "anychart-jquery": "^1.0.5"
      }
    },
    "node_modules/anychart": {
      "version": "8.12.1",
      "resolved": "https://registry.npmjs.org/anychart/-/anychart-8.12.1.tgz",
      "integrity": "sha512-j3GqX7suwu9skR0Y3gGo79+PGudqsW4a3//HBYF/KbPZmmlKVDjv0Fw+RO4TLtgf9ep/jXThZZfM/3UQrk2Y9g=="
    },
    "node_modules/anychart-jquery": {
      "version": "1.0.5",
      "resolved": "https://registry.npmjs.org/anychart-jquery/-/anychart-jquery-1.0.5.tgz",
      "integrity": "sha512-vmNJOZg4MG6mqYMccHpm5Srrh9NQ7t4wp0T3MjBTud9UbfHWeiVn1Ne9nAPHcF0ATI+1Z05RsQgAr2xVHSkr+Q==",
      "dependencies": {
        "anychart": "^8.0.0",
        "jquery": "^3.2.1"
      }
    },
    "node_modules/jquery": {
      "version": "3.7.1",
      "resolved": "https://registry.npmjs.org/jquery/-/jquery-3.7.1.tgz",
      "integrity": "sha512-m4avr8yL8kmFN8psrbFFFmB/If14iN5o9nw/NgnnM+kybDJpRsAynV2BsfpTYrTRysYUdADVD7CkUUizgkpLfg=="
    }
  }
}
